
Microsoft Visual Studio Solution File, Format Version 12.00
# Visual Studio Version 17
VisualStudioVersion = 17.7.34202.233
MinimumVisualStudioVersion = 10.0.40219.1
Project("{FAE04EC0-301F-11D3-BF4B-00C04F79EFBC}") = "Group-9-Project", "Group-9-Project\Group-9-Project.csproj", "{64803668-68C8-4BB0-8128-891FD4554927}"
EndProject
Global
	GlobalSection(SolutionConfigurationPlatforms) = preSolution
		Debug|Any CPU = Debug|Any CPU
		Release|Any CPU = Release|Any CPU
	EndGlobalSection
	GlobalSection(ProjectConfigurationPlatforms) = postSolution
		{64803668-68C8-4BB0-8128-891FD4554927}.Debug|Any CPU.ActiveCfg = Debug|Any CPU
		{64803668-68C8-4BB0-8128-891FD4554927}.Debug|Any CPU.Build.0 = Debug|Any CPU
		{64803668-68C8-4BB0-8128-891FD4554927}.Release|Any CPU.ActiveCfg = Release|Any CPU
		{64803668-68C8-4BB0-8128-891FD4554927}.Release|Any CPU.Build.0 = Release|Any CPU
	EndGlobalSection
	GlobalSection(SolutionProperties) = preSolution
		HideSolutionNode = FALSE
	EndGlobalSection
	GlobalSection(ExtensibilityGlobals) = postSolution
		SolutionGuid = {E0922884-03F3-447A-9DC5-2897D01B26CE}
	EndGlobalSection
EndGlobal
